// !$*UTF8*$!
{
	archiveVersion = 1;
	classes = {
	};
	objectVersion = 48;
	objects = {

/* Begin PBXBuildFile section */
		74B79258202B3254006BCB41 /* AppDelegate.swift in Sources */ = {isa = PBXBuildFile; fileRef = 74B79257202B3254006BCB41 /* AppDelegate.swift */; };
		74B7925F202B3254006BCB41 /* Assets.xcassets in Resources */ = {isa = PBXBuildFile; fileRef = 74B7925E202B3254006BCB41 /* Assets.xcassets */; };
		BA7E439D4D32A5C3E660E37A /* Pods_Course2FinalTask.framework in Frameworks */ = {isa = PBXBuildFile; fileRef = 5AECEABE3CC4809F2CD7B808 /* Pods_Course2FinalTask.framework */; };
		D82D4D0D25326915007B3BAA /* LaunchScreen.storyboard in Resources */ = {isa = PBXBuildFile; fileRef = D82D4D0C25326915007B3BAA /* LaunchScreen.storyboard */; };
		D82D4D0F25326ED0007B3BAA /* UIWindow+BlockingView.swift in Sources */ = {isa = PBXBuildFile; fileRef = D82D4D0E25326ED0007B3BAA /* UIWindow+BlockingView.swift */; };
		D8305BDD265AE13300E1A9F2 /* DynamicBinder.swift in Sources */ = {isa = PBXBuildFile; fileRef = D8305BDC265AE13300E1A9F2 /* DynamicBinder.swift */; };
		D8305BDF265EDC4000E1A9F2 /* RequestConstructor.swift in Sources */ = {isa = PBXBuildFile; fileRef = D8305BDE265EDC4000E1A9F2 /* RequestConstructor.swift */; };
		D83214492647505500E0AF35 /* CoreDataService.swift in Sources */ = {isa = PBXBuildFile; fileRef = D83214482647505500E0AF35 /* CoreDataService.swift */; };
		D85B1A3A24B53D9E007925F1 /* UIViewController + CellDelegate.swift in Sources */ = {isa = PBXBuildFile; fileRef = D85B1A3924B53D9E007925F1 /* UIViewController + CellDelegate.swift */; };
		D85C54C5253BA4BC0038D68B /* ChooseFilterViewController.swift in Sources */ = {isa = PBXBuildFile; fileRef = D85C54C4253BA4BC0038D68B /* ChooseFilterViewController.swift */; };
		D85C54C7253BB6FC0038D68B /* FiltersThumbnailCell.swift in Sources */ = {isa = PBXBuildFile; fileRef = D85C54C6253BB6FC0038D68B /* FiltersThumbnailCell.swift */; };
		D85C54CA253C6AEA0038D68B /* FiltersThumbinalCellInterface.swift in Sources */ = {isa = PBXBuildFile; fileRef = D85C54C9253C6AEA0038D68B /* FiltersThumbinalCellInterface.swift */; };
		D85C54CC253C6EE20038D68B /* AddImageViewController+FiltersFullSizeCellDelegate.swift in Sources */ = {isa = PBXBuildFile; fileRef = D85C54CB253C6EE20038D68B /* AddImageViewController+FiltersFullSizeCellDelegate.swift */; };
		D85C54CE253C75700038D68B /* ChooseFilterViewController+CollectionViewDataSource.swift in Sources */ = {isa = PBXBuildFile; fileRef = D85C54CD253C75700038D68B /* ChooseFilterViewController+CollectionViewDataSource.swift */; };
		D85C54D1253C78AA0038D68B /* ChooseFilterViewController+CollectionViewFlowDeleagate.swift in Sources */ = {isa = PBXBuildFile; fileRef = D85C54D0253C78AA0038D68B /* ChooseFilterViewController+CollectionViewFlowDeleagate.swift */; };
		D85C54D3253C914D0038D68B /* FilterCellDelegate.swift in Sources */ = {isa = PBXBuildFile; fileRef = D85C54D2253C914D0038D68B /* FilterCellDelegate.swift */; };
		D85C54D6253C91D70038D68B /* ChooseFilterViewController+FilterCellDelegate.swift in Sources */ = {isa = PBXBuildFile; fileRef = D85C54D5253C91D70038D68B /* ChooseFilterViewController+FilterCellDelegate.swift */; };
		D85C54D8253CDC0A0038D68B /* SharePostViewController.swift in Sources */ = {isa = PBXBuildFile; fileRef = D85C54D7253CDC0A0038D68B /* SharePostViewController.swift */; };
		D85C54DC253DF8720038D68B /* SharePostViewController+TextFieldDelegate.swift in Sources */ = {isa = PBXBuildFile; fileRef = D85C54DB253DF8720038D68B /* SharePostViewController+TextFieldDelegate.swift */; };
		D85DF9E02537AE1200F947AC /* AddImageViewController.swift in Sources */ = {isa = PBXBuildFile; fileRef = D85DF9DF2537AE1200F947AC /* AddImageViewController.swift */; };
		D85DF9E4253B8D8500F947AC /* AddImageViewController+CollectionViewDataSource.swift in Sources */ = {isa = PBXBuildFile; fileRef = D85DF9E3253B8D8500F947AC /* AddImageViewController+CollectionViewDataSource.swift */; };
		D85DF9E6253B8EF400F947AC /* AddImageViewController+CollectionViewLayoutDelegate.swift in Sources */ = {isa = PBXBuildFile; fileRef = D85DF9E5253B8EF400F947AC /* AddImageViewController+CollectionViewLayoutDelegate.swift */; };
		D85DF9E9253B8FB100F947AC /* FiltersFullSizeCell.swift in Sources */ = {isa = PBXBuildFile; fileRef = D85DF9E8253B8FB100F947AC /* FiltersFullSizeCell.swift */; };
		D878391624C64D500096B051 /* FeedTableViewController + UITableViewDelegate.swift in Sources */ = {isa = PBXBuildFile; fileRef = D878391524C64D500096B051 /* FeedTableViewController + UITableViewDelegate.swift */; };
		D878391824C64DB50096B051 /* FeeedTableViewController + DataSource.swift in Sources */ = {isa = PBXBuildFile; fileRef = D878391724C64DB50096B051 /* FeeedTableViewController + DataSource.swift */; };
		D878391C24C653870096B051 /* iPhone_SE.png in Resources */ = {isa = PBXBuildFile; fileRef = D878391B24C653870096B051 /* iPhone_SE.png */; };
		D878392024C654590096B051 /* SupportionModel.swift in Sources */ = {isa = PBXBuildFile; fileRef = D878391F24C654590096B051 /* SupportionModel.swift */; };
		D878392324C654920096B051 /* ProfileViewController + CollectionDataSource.swift in Sources */ = {isa = PBXBuildFile; fileRef = D878392224C654920096B051 /* ProfileViewController + CollectionDataSource.swift */; };
		D878392524C656340096B051 /* ProfileViewController + FlowLayoutDelegate.swift in Sources */ = {isa = PBXBuildFile; fileRef = D878392424C656340096B051 /* ProfileViewController + FlowLayoutDelegate.swift */; };
		D878392A24C65BDE0096B051 /* FollowersFollowsTableView + TableViewDelegate.swift in Sources */ = {isa = PBXBuildFile; fileRef = D878392924C65BDE0096B051 /* FollowersFollowsTableView + TableViewDelegate.swift */; };
		D878392C24C65CF10096B051 /* FollowersFollowsTableView + DataSource.swift in Sources */ = {isa = PBXBuildFile; fileRef = D878392B24C65CF10096B051 /* FollowersFollowsTableView + DataSource.swift */; };
		D878393224CCD9A00096B051 /* TabBarController.swift in Sources */ = {isa = PBXBuildFile; fileRef = D878393124CCD9A00096B051 /* TabBarController.swift */; };
		D88189A3257456FB0023D2A4 /* LoginViewController.swift in Sources */ = {isa = PBXBuildFile; fileRef = D88189A2257456FB0023D2A4 /* LoginViewController.swift */; };
		D888DF5A26480D54007CFA8C /* DataProvider.swift in Sources */ = {isa = PBXBuildFile; fileRef = D888DF5926480D54007CFA8C /* DataProvider.swift */; };
		D888DF5E26483991007CFA8C /* PostCellProviderInterface.swift in Sources */ = {isa = PBXBuildFile; fileRef = D888DF5D26483991007CFA8C /* PostCellProviderInterface.swift */; };
		D888DF68264895F7007CFA8C /* CodingUserInfoKeys + ManagedObjectContext.swift in Sources */ = {isa = PBXBuildFile; fileRef = D888DF67264895F7007CFA8C /* CodingUserInfoKeys + ManagedObjectContext.swift */; };
		D888DF7F2648A2EC007CFA8C /* OfflineCache.xcdatamodeld in Sources */ = {isa = PBXBuildFile; fileRef = D888DF7D2648A2EC007CFA8C /* OfflineCache.xcdatamodeld */; };
		D88D025824B26F03006A01E2 /* FeedCell.swift in Sources */ = {isa = PBXBuildFile; fileRef = D88D025724B26F03006A01E2 /* FeedCell.swift */; };
		D893F89E2529170A00A2378A /* ActivityIndicator.swift in Sources */ = {isa = PBXBuildFile; fileRef = D893F89D2529170A00A2378A /* ActivityIndicator.swift */; };
		D8A3057224BA57CA009A2014 /* HeaderView.swift in Sources */ = {isa = PBXBuildFile; fileRef = D8A3057124BA57CA009A2014 /* HeaderView.swift */; };
		D8A3057524BB5D35009A2014 /* ProfilePhotosCell.swift in Sources */ = {isa = PBXBuildFile; fileRef = D8A3057424BB5D35009A2014 /* ProfilePhotosCell.swift */; };
		D8A3057724BB64FF009A2014 /* FeedCellInterface.swift in Sources */ = {isa = PBXBuildFile; fileRef = D8A3057624BB64FF009A2014 /* FeedCellInterface.swift */; };
		D8AEA13924C1095D0010D67C /* FollowersFollowsTableView.swift in Sources */ = {isa = PBXBuildFile; fileRef = D8AEA13824C1095D0010D67C /* FollowersFollowsTableView.swift */; };
		D8AEA13B24C2410C0010D67C /* FollowsCell.swift in Sources */ = {isa = PBXBuildFile; fileRef = D8AEA13A24C2410C0010D67C /* FollowsCell.swift */; };
		D8B136412579B1690066EB2B /* Router.swift in Sources */ = {isa = PBXBuildFile; fileRef = D8B136402579B1690066EB2B /* Router.swift */; };
		D8B136432579B7B60066EB2B /* User.swift in Sources */ = {isa = PBXBuildFile; fileRef = D8B136422579B7B60066EB2B /* User.swift */; };
		D8B5C9BC2576E24400B21F62 /* NetworkiSingleton.swift in Sources */ = {isa = PBXBuildFile; fileRef = D8B5C9BB2576E24400B21F62 /* NetworkiSingleton.swift */; };
		D8B5C9C12577133800B21F62 /* ManagedPost.swift in Sources */ = {isa = PBXBuildFile; fileRef = D8B5C9C02577133800B21F62 /* ManagedPost.swift */; };
		D8B898B32593DE9C008558F2 /* new2.jpg in Resources */ = {isa = PBXBuildFile; fileRef = D8B898AB2593DE9C008558F2 /* new2.jpg */; };
		D8B898B42593DE9C008558F2 /* new3.jpg in Resources */ = {isa = PBXBuildFile; fileRef = D8B898AC2593DE9C008558F2 /* new3.jpg */; };
		D8B898B52593DE9C008558F2 /* new1.jpg in Resources */ = {isa = PBXBuildFile; fileRef = D8B898AD2593DE9C008558F2 /* new1.jpg */; };
		D8B898B62593DE9C008558F2 /* new4.jpg in Resources */ = {isa = PBXBuildFile; fileRef = D8B898AE2593DE9C008558F2 /* new4.jpg */; };
		D8B898B72593DE9C008558F2 /* new5.jpg in Resources */ = {isa = PBXBuildFile; fileRef = D8B898AF2593DE9C008558F2 /* new5.jpg */; };
		D8B898B82593DE9C008558F2 /* new7.jpg in Resources */ = {isa = PBXBuildFile; fileRef = D8B898B02593DE9C008558F2 /* new7.jpg */; };
		D8B898B92593DE9C008558F2 /* new6.jpg in Resources */ = {isa = PBXBuildFile; fileRef = D8B898B12593DE9C008558F2 /* new6.jpg */; };
		D8B898BA2593DE9C008558F2 /* new8.jpg in Resources */ = {isa = PBXBuildFile; fileRef = D8B898B22593DE9C008558F2 /* new8.jpg */; };
		D8C76C1324B277BA0069A777 /* FeedTableViewController.swift in Sources */ = {isa = PBXBuildFile; fileRef = D8C76C1224B277BA0069A777 /* FeedTableViewController.swift */; };
		D8D64D3B25859730003A87D3 /* NavigationCoordinator.swift in Sources */ = {isa = PBXBuildFile; fileRef = D8D64D3A25859730003A87D3 /* NavigationCoordinator.swift */; };
		D8D64D3D25859AB2003A87D3 /* TabBarNavigationObject.swift in Sources */ = {isa = PBXBuildFile; fileRef = D8D64D3C25859AB2003A87D3 /* TabBarNavigationObject.swift */; };
		D8DCBF422575A122007C7F5F /* UIViewController+HexConverter.swift in Sources */ = {isa = PBXBuildFile; fileRef = D8DCBF412575A122007C7F5F /* UIViewController+HexConverter.swift */; };
		D8DCBF452575A2A9007C7F5F /* LoginViewModel.swift in Sources */ = {isa = PBXBuildFile; fileRef = D8DCBF442575A2A9007C7F5F /* LoginViewModel.swift */; };
		D8F4F1F324BA54F700D74CA8 /* ProfileViewController.swift in Sources */ = {isa = PBXBuildFile; fileRef = D8F4F1F224BA54F700D74CA8 /* ProfileViewController.swift */; };
		D8F625162644817400B78578 /* KeychainService.swift in Sources */ = {isa = PBXBuildFile; fileRef = D8F625152644817400B78578 /* KeychainService.swift */; };
		D8F62519264491E600B78578 /* LoginManager.swift in Sources */ = {isa = PBXBuildFile; fileRef = D8F62518264491E600B78578 /* LoginManager.swift */; };
/* End PBXBuildFile section */

/* Begin PBXCopyFilesBuildPhase section */
		74B7927A202B33EA006BCB41 /* Embed Frameworks */ = {
			isa = PBXCopyFilesBuildPhase;
			buildActionMask = 2147483647;
			dstPath = "";
			dstSubfolderSpec = 10;
			files = (
			);
			name = "Embed Frameworks";
			runOnlyForDeploymentPostprocessing = 0;
		};
/* End PBXCopyFilesBuildPhase section */

/* Begin PBXFileReference section */
		48E092195A066513D23BFE2C /* Pods-Course2FinalTask.release.xcconfig */ = {isa = PBXFileReference; includeInIndex = 1; lastKnownFileType = text.xcconfig; name = "Pods-Course2FinalTask.release.xcconfig"; path = "Target Support Files/Pods-Course2FinalTask/Pods-Course2FinalTask.release.xcconfig"; sourceTree = "<group>"; };
		5AECEABE3CC4809F2CD7B808 /* Pods_Course2FinalTask.framework */ = {isa = PBXFileReference; explicitFileType = wrapper.framework; includeInIndex = 0; path = Pods_Course2FinalTask.framework; sourceTree = BUILT_PRODUCTS_DIR; };
		74B79254202B3254006BCB41 /* Course2FinalTask.app */ = {isa = PBXFileReference; explicitFileType = wrapper.application; includeInIndex = 0; path = Course2FinalTask.app; sourceTree = BUILT_PRODUCTS_DIR; };
		74B79257202B3254006BCB41 /* AppDelegate.swift */ = {isa = PBXFileReference; lastKnownFileType = sourcecode.swift; path = AppDelegate.swift; sourceTree = "<group>"; };
		74B7925E202B3254006BCB41 /* Assets.xcassets */ = {isa = PBXFileReference; lastKnownFileType = folder.assetcatalog; path = Assets.xcassets; sourceTree = "<group>"; };
		74B79263202B3254006BCB41 /* Info.plist */ = {isa = PBXFileReference; lastKnownFileType = text.plist.xml; path = Info.plist; sourceTree = "<group>"; };
		BE3B7B6342258EA250986AF2 /* Pods-Course2FinalTask.debug.xcconfig */ = {isa = PBXFileReference; includeInIndex = 1; lastKnownFileType = text.xcconfig; name = "Pods-Course2FinalTask.debug.xcconfig"; path = "Target Support Files/Pods-Course2FinalTask/Pods-Course2FinalTask.debug.xcconfig"; sourceTree = "<group>"; };
		D82D4D0C25326915007B3BAA /* LaunchScreen.storyboard */ = {isa = PBXFileReference; lastKnownFileType = file.storyboard; path = LaunchScreen.storyboard; sourceTree = "<group>"; };
		D82D4D0E25326ED0007B3BAA /* UIWindow+BlockingView.swift */ = {isa = PBXFileReference; lastKnownFileType = sourcecode.swift; path = "UIWindow+BlockingView.swift"; sourceTree = "<group>"; };
		D8305BDC265AE13300E1A9F2 /* DynamicBinder.swift */ = {isa = PBXFileReference; lastKnownFileType = sourcecode.swift; path = DynamicBinder.swift; sourceTree = "<group>"; };
		D8305BDE265EDC4000E1A9F2 /* RequestConstructor.swift */ = {isa = PBXFileReference; lastKnownFileType = sourcecode.swift; path = RequestConstructor.swift; sourceTree = "<group>"; };
		D83214482647505500E0AF35 /* CoreDataService.swift */ = {isa = PBXFileReference; lastKnownFileType = sourcecode.swift; path = CoreDataService.swift; sourceTree = "<group>"; };
		D85B1A3924B53D9E007925F1 /* UIViewController + CellDelegate.swift */ = {isa = PBXFileReference; lastKnownFileType = sourcecode.swift; path = "UIViewController + CellDelegate.swift"; sourceTree = "<group>"; };
		D85C54C4253BA4BC0038D68B /* ChooseFilterViewController.swift */ = {isa = PBXFileReference; lastKnownFileType = sourcecode.swift; path = ChooseFilterViewController.swift; sourceTree = "<group>"; };
		D85C54C6253BB6FC0038D68B /* FiltersThumbnailCell.swift */ = {isa = PBXFileReference; lastKnownFileType = sourcecode.swift; path = FiltersThumbnailCell.swift; sourceTree = "<group>"; };
		D85C54C9253C6AEA0038D68B /* FiltersThumbinalCellInterface.swift */ = {isa = PBXFileReference; lastKnownFileType = sourcecode.swift; path = FiltersThumbinalCellInterface.swift; sourceTree = "<group>"; };
		D85C54CB253C6EE20038D68B /* AddImageViewController+FiltersFullSizeCellDelegate.swift */ = {isa = PBXFileReference; lastKnownFileType = sourcecode.swift; path = "AddImageViewController+FiltersFullSizeCellDelegate.swift"; sourceTree = "<group>"; };
		D85C54CD253C75700038D68B /* ChooseFilterViewController+CollectionViewDataSource.swift */ = {isa = PBXFileReference; lastKnownFileType = sourcecode.swift; path = "ChooseFilterViewController+CollectionViewDataSource.swift"; sourceTree = "<group>"; };
		D85C54D0253C78AA0038D68B /* ChooseFilterViewController+CollectionViewFlowDeleagate.swift */ = {isa = PBXFileReference; lastKnownFileType = sourcecode.swift; path = "ChooseFilterViewController+CollectionViewFlowDeleagate.swift"; sourceTree = "<group>"; };
		D85C54D2253C914D0038D68B /* FilterCellDelegate.swift */ = {isa = PBXFileReference; lastKnownFileType = sourcecode.swift; path = FilterCellDelegate.swift; sourceTree = "<group>"; };
		D85C54D5253C91D70038D68B /* ChooseFilterViewController+FilterCellDelegate.swift */ = {isa = PBXFileReference; lastKnownFileType = sourcecode.swift; path = "ChooseFilterViewController+FilterCellDelegate.swift"; sourceTree = "<group>"; };
		D85C54D7253CDC0A0038D68B /* SharePostViewController.swift */ = {isa = PBXFileReference; lastKnownFileType = sourcecode.swift; path = SharePostViewController.swift; sourceTree = "<group>"; };
		D85C54DB253DF8720038D68B /* SharePostViewController+TextFieldDelegate.swift */ = {isa = PBXFileReference; lastKnownFileType = sourcecode.swift; path = "SharePostViewController+TextFieldDelegate.swift"; sourceTree = "<group>"; };
		D85DF9DF2537AE1200F947AC /* AddImageViewController.swift */ = {isa = PBXFileReference; lastKnownFileType = sourcecode.swift; path = AddImageViewController.swift; sourceTree = "<group>"; };
		D85DF9E3253B8D8500F947AC /* AddImageViewController+CollectionViewDataSource.swift */ = {isa = PBXFileReference; lastKnownFileType = sourcecode.swift; path = "AddImageViewController+CollectionViewDataSource.swift"; sourceTree = "<group>"; };
		D85DF9E5253B8EF400F947AC /* AddImageViewController+CollectionViewLayoutDelegate.swift */ = {isa = PBXFileReference; lastKnownFileType = sourcecode.swift; path = "AddImageViewController+CollectionViewLayoutDelegate.swift"; sourceTree = "<group>"; };
		D85DF9E8253B8FB100F947AC /* FiltersFullSizeCell.swift */ = {isa = PBXFileReference; lastKnownFileType = sourcecode.swift; path = FiltersFullSizeCell.swift; sourceTree = "<group>"; };
		D878391524C64D500096B051 /* FeedTableViewController + UITableViewDelegate.swift */ = {isa = PBXFileReference; lastKnownFileType = sourcecode.swift; path = "FeedTableViewController + UITableViewDelegate.swift"; sourceTree = "<group>"; };
		D878391724C64DB50096B051 /* FeeedTableViewController + DataSource.swift */ = {isa = PBXFileReference; lastKnownFileType = sourcecode.swift; path = "FeeedTableViewController + DataSource.swift"; sourceTree = "<group>"; };
		D878391B24C653870096B051 /* iPhone_SE.png */ = {isa = PBXFileReference; lastKnownFileType = image.png; path = iPhone_SE.png; sourceTree = "<group>"; };
		D878391F24C654590096B051 /* SupportionModel.swift */ = {isa = PBXFileReference; lastKnownFileType = sourcecode.swift; path = SupportionModel.swift; sourceTree = "<group>"; };
		D878392224C654920096B051 /* ProfileViewController + CollectionDataSource.swift */ = {isa = PBXFileReference; lastKnownFileType = sourcecode.swift; path = "ProfileViewController + CollectionDataSource.swift"; sourceTree = "<group>"; };
		D878392424C656340096B051 /* ProfileViewController + FlowLayoutDelegate.swift */ = {isa = PBXFileReference; lastKnownFileType = sourcecode.swift; path = "ProfileViewController + FlowLayoutDelegate.swift"; sourceTree = "<group>"; };
		D878392924C65BDE0096B051 /* FollowersFollowsTableView + TableViewDelegate.swift */ = {isa = PBXFileReference; lastKnownFileType = sourcecode.swift; path = "FollowersFollowsTableView + TableViewDelegate.swift"; sourceTree = "<group>"; };
		D878392B24C65CF10096B051 /* FollowersFollowsTableView + DataSource.swift */ = {isa = PBXFileReference; lastKnownFileType = sourcecode.swift; path = "FollowersFollowsTableView + DataSource.swift"; sourceTree = "<group>"; };
		D878393124CCD9A00096B051 /* TabBarController.swift */ = {isa = PBXFileReference; lastKnownFileType = sourcecode.swift; path = TabBarController.swift; sourceTree = "<group>"; };
		D88189A2257456FB0023D2A4 /* LoginViewController.swift */ = {isa = PBXFileReference; lastKnownFileType = sourcecode.swift; path = LoginViewController.swift; sourceTree = "<group>"; };
		D888DF5926480D54007CFA8C /* DataProvider.swift */ = {isa = PBXFileReference; lastKnownFileType = sourcecode.swift; path = DataProvider.swift; sourceTree = "<group>"; };
		D888DF5D26483991007CFA8C /* PostCellProviderInterface.swift */ = {isa = PBXFileReference; lastKnownFileType = sourcecode.swift; path = PostCellProviderInterface.swift; sourceTree = "<group>"; };
		D888DF67264895F7007CFA8C /* CodingUserInfoKeys + ManagedObjectContext.swift */ = {isa = PBXFileReference; lastKnownFileType = sourcecode.swift; path = "CodingUserInfoKeys + ManagedObjectContext.swift"; sourceTree = "<group>"; };
		D888DF7E2648A2EC007CFA8C /* OfflineCache.xcdatamodel */ = {isa = PBXFileReference; lastKnownFileType = wrapper.xcdatamodel; path = OfflineCache.xcdatamodel; sourceTree = "<group>"; };
		D888DF822648AB6E007CFA8C /* OfflineCache 2.xcdatamodel */ = {isa = PBXFileReference; lastKnownFileType = wrapper.xcdatamodel; path = "OfflineCache 2.xcdatamodel"; sourceTree = "<group>"; };
		D88D025724B26F03006A01E2 /* FeedCell.swift */ = {isa = PBXFileReference; lastKnownFileType = sourcecode.swift; path = FeedCell.swift; sourceTree = "<group>"; };
		D893F89D2529170A00A2378A /* ActivityIndicator.swift */ = {isa = PBXFileReference; lastKnownFileType = sourcecode.swift; path = ActivityIndicator.swift; sourceTree = "<group>"; };
		D8A3057124BA57CA009A2014 /* HeaderView.swift */ = {isa = PBXFileReference; lastKnownFileType = sourcecode.swift; path = HeaderView.swift; sourceTree = "<group>"; };
		D8A3057424BB5D35009A2014 /* ProfilePhotosCell.swift */ = {isa = PBXFileReference; lastKnownFileType = sourcecode.swift; path = ProfilePhotosCell.swift; sourceTree = "<group>"; };
		D8A3057624BB64FF009A2014 /* FeedCellInterface.swift */ = {isa = PBXFileReference; lastKnownFileType = sourcecode.swift; path = FeedCellInterface.swift; sourceTree = "<group>"; };
		D8AEA13824C1095D0010D67C /* FollowersFollowsTableView.swift */ = {isa = PBXFileReference; lastKnownFileType = sourcecode.swift; path = FollowersFollowsTableView.swift; sourceTree = "<group>"; };
		D8AEA13A24C2410C0010D67C /* FollowsCell.swift */ = {isa = PBXFileReference; lastKnownFileType = sourcecode.swift; path = FollowsCell.swift; sourceTree = "<group>"; };
		D8B136402579B1690066EB2B /* Router.swift */ = {isa = PBXFileReference; lastKnownFileType = sourcecode.swift; path = Router.swift; sourceTree = "<group>"; };
		D8B136422579B7B60066EB2B /* User.swift */ = {isa = PBXFileReference; lastKnownFileType = sourcecode.swift; path = User.swift; sourceTree = "<group>"; };
		D8B5C9BB2576E24400B21F62 /* NetworkiSingleton.swift */ = {isa = PBXFileReference; lastKnownFileType = sourcecode.swift; path = NetworkiSingleton.swift; sourceTree = "<group>"; };
		D8B5C9C02577133800B21F62 /* ManagedPost.swift */ = {isa = PBXFileReference; lastKnownFileType = sourcecode.swift; path = ManagedPost.swift; sourceTree = "<group>"; };
		D8B898AB2593DE9C008558F2 /* new2.jpg */ = {isa = PBXFileReference; lastKnownFileType = image.jpeg; path = new2.jpg; sourceTree = "<group>"; };
		D8B898AC2593DE9C008558F2 /* new3.jpg */ = {isa = PBXFileReference; lastKnownFileType = image.jpeg; path = new3.jpg; sourceTree = "<group>"; };
		D8B898AD2593DE9C008558F2 /* new1.jpg */ = {isa = PBXFileReference; lastKnownFileType = image.jpeg; path = new1.jpg; sourceTree = "<group>"; };
		D8B898AE2593DE9C008558F2 /* new4.jpg */ = {isa = PBXFileReference; lastKnownFileType = image.jpeg; path = new4.jpg; sourceTree = "<group>"; };
		D8B898AF2593DE9C008558F2 /* new5.jpg */ = {isa = PBXFileReference; lastKnownFileType = image.jpeg; path = new5.jpg; sourceTree = "<group>"; };
		D8B898B02593DE9C008558F2 /* new7.jpg */ = {isa = PBXFileReference; lastKnownFileType = image.jpeg; path = new7.jpg; sourceTree = "<group>"; };
		D8B898B12593DE9C008558F2 /* new6.jpg */ = {isa = PBXFileReference; lastKnownFileType = image.jpeg; path = new6.jpg; sourceTree = "<group>"; };
		D8B898B22593DE9C008558F2 /* new8.jpg */ = {isa = PBXFileReference; lastKnownFileType = image.jpeg; path = new8.jpg; sourceTree = "<group>"; };
		D8C76C1224B277BA0069A777 /* FeedTableViewController.swift */ = {isa = PBXFileReference; lastKnownFileType = sourcecode.swift; path = FeedTableViewController.swift; sourceTree = "<group>"; };
		D8D64D3A25859730003A87D3 /* NavigationCoordinator.swift */ = {isa = PBXFileReference; lastKnownFileType = sourcecode.swift; path = NavigationCoordinator.swift; sourceTree = "<group>"; };
		D8D64D3C25859AB2003A87D3 /* TabBarNavigationObject.swift */ = {isa = PBXFileReference; lastKnownFileType = sourcecode.swift; path = TabBarNavigationObject.swift; sourceTree = "<group>"; };
		D8DCBF412575A122007C7F5F /* UIViewController+HexConverter.swift */ = {isa = PBXFileReference; lastKnownFileType = sourcecode.swift; path = "UIViewController+HexConverter.swift"; sourceTree = "<group>"; };
		D8DCBF442575A2A9007C7F5F /* LoginViewModel.swift */ = {isa = PBXFileReference; lastKnownFileType = sourcecode.swift; path = LoginViewModel.swift; sourceTree = "<group>"; };
		D8F4F1F224BA54F700D74CA8 /* ProfileViewController.swift */ = {isa = PBXFileReference; lastKnownFileType = sourcecode.swift; path = ProfileViewController.swift; sourceTree = "<group>"; };
		D8F625152644817400B78578 /* KeychainService.swift */ = {isa = PBXFileReference; lastKnownFileType = sourcecode.swift; path = KeychainService.swift; sourceTree = "<group>"; };
		D8F62518264491E600B78578 /* LoginManager.swift */ = {isa = PBXFileReference; lastKnownFileType = sourcecode.swift; path = LoginManager.swift; sourceTree = "<group>"; };
/* End PBXFileReference section */

/* Begin PBXFrameworksBuildPhase section */
		74B79251202B3254006BCB41 /* Frameworks */ = {
			isa = PBXFrameworksBuildPhase;
			buildActionMask = 2147483647;
			files = (
				BA7E439D4D32A5C3E660E37A /* Pods_Course2FinalTask.framework in Frameworks */,
			);
			runOnlyForDeploymentPostprocessing = 0;
		};
/* End PBXFrameworksBuildPhase section */

/* Begin PBXGroup section */
		40338CD30340F216176F838E /* Pods */ = {
			isa = PBXGroup;
			children = (
				BE3B7B6342258EA250986AF2 /* Pods-Course2FinalTask.debug.xcconfig */,
				48E092195A066513D23BFE2C /* Pods-Course2FinalTask.release.xcconfig */,
			);
			path = Pods;
			sourceTree = "<group>";
		};
		74B7924B202B3254006BCB41 = {
			isa = PBXGroup;
			children = (
				74B79256202B3254006BCB41 /* Course2FinalTask */,
				74B79255202B3254006BCB41 /* Products */,
				40338CD30340F216176F838E /* Pods */,
				8F83A3489B92B1D44C2492F0 /* Frameworks */,
			);
			sourceTree = "<group>";
		};
		74B79255202B3254006BCB41 /* Products */ = {
			isa = PBXGroup;
			children = (
				74B79254202B3254006BCB41 /* Course2FinalTask.app */,
			);
			name = Products;
			sourceTree = "<group>";
		};
		74B79256202B3254006BCB41 /* Course2FinalTask */ = {
			isa = PBXGroup;
			children = (
				74B7927B202B3427006BCB41 /* Code */,
				74B79257202B3254006BCB41 /* AppDelegate.swift */,
				74B7927C202B342E006BCB41 /* Resources */,
				74B7927D202B3434006BCB41 /* Supporting Files */,
				D82D4D0C25326915007B3BAA /* LaunchScreen.storyboard */,
			);
			path = Course2FinalTask;
			sourceTree = "<group>";
		};
		74B7927B202B3427006BCB41 /* Code */ = {
			isa = PBXGroup;
			children = (
				D8305BD7265AD74500E1A9F2 /* Modules */,
				D888DF66264895D8007CFA8C /* Helpers */,
				D8B1363F2579B1570066EB2B /* Router */,
				D8B5C9BA2576E18700B21F62 /* Services */,
				D835AD6325768992004B252D /* Protocols */,
				D85DF9DD2537ADE300F947AC /* Filters */,
				D893F89C252913E400A2378A /* GeneralExtensions */,
				D893F89A252912D300A2378A /* ActivityIndicator */,
				D878392124C6546F0096B051 /* Model */,
				D878393024CCD98E0096B051 /* TabBar */,
				D878391D24C653ED0096B051 /* Profile */,
				D878390F24C6465E0096B051 /* Feed */,
				D878392624C65A690096B051 /* FollowingsOrFollows */,
			);
			path = Code;
			sourceTree = "<group>";
		};
		74B7927C202B342E006BCB41 /* Resources */ = {
			isa = PBXGroup;
			children = (
				D8B898AA2593DE9C008558F2 /* new */,
				74B7925E202B3254006BCB41 /* Assets.xcassets */,
			);
			path = Resources;
			sourceTree = "<group>";
		};
		74B7927D202B3434006BCB41 /* Supporting Files */ = {
			isa = PBXGroup;
			children = (
				D878391B24C653870096B051 /* iPhone_SE.png */,
				74B79263202B3254006BCB41 /* Info.plist */,
			);
			path = "Supporting Files";
			sourceTree = "<group>";
		};
		8F83A3489B92B1D44C2492F0 /* Frameworks */ = {
			isa = PBXGroup;
			children = (
				5AECEABE3CC4809F2CD7B808 /* Pods_Course2FinalTask.framework */,
			);
			name = Frameworks;
			sourceTree = "<group>";
		};
		D8305BD7265AD74500E1A9F2 /* Modules */ = {
			isa = PBXGroup;
			children = (
				D8305BD8265AD75400E1A9F2 /* LoginScreen */,
			);
			path = Modules;
			sourceTree = "<group>";
		};
		D8305BD8265AD75400E1A9F2 /* LoginScreen */ = {
			isa = PBXGroup;
			children = (
				D88189A1257456E30023D2A4 /* Login */,
			);
			path = LoginScreen;
			sourceTree = "<group>";
		};
		D8305BD9265AD77000E1A9F2 /* Networking */ = {
			isa = PBXGroup;
			children = (
				D8B5C9BB2576E24400B21F62 /* NetworkiSingleton.swift */,
				D8305BDE265EDC4000E1A9F2 /* RequestConstructor.swift */,
			);
			path = Networking;
			sourceTree = "<group>";
		};
		D8305BDA265AD77B00E1A9F2 /* PersistentStorage */ = {
			isa = PBXGroup;
			children = (
				D83214482647505500E0AF35 /* CoreDataService.swift */,
			);
			path = PersistentStorage;
			sourceTree = "<group>";
		};
		D835AD6325768992004B252D /* Protocols */ = {
			isa = PBXGroup;
			children = (
				D8D64D3A25859730003A87D3 /* NavigationCoordinator.swift */,
				D888DF5D26483991007CFA8C /* PostCellProviderInterface.swift */,
			);
			path = Protocols;
			sourceTree = "<group>";
		};
		D835AD662576A892004B252D /* Controllers */ = {
			isa = PBXGroup;
			children = (
				D88189A2257456FB0023D2A4 /* LoginViewController.swift */,
				D8DCBF442575A2A9007C7F5F /* LoginViewModel.swift */,
			);
			path = Controllers;
			sourceTree = "<group>";
		};
		D85C54C8253BD67B0038D68B /* Interfaces */ = {
			isa = PBXGroup;
			children = (
				D8A3057624BB64FF009A2014 /* FeedCellInterface.swift */,
				D85C54C9253C6AEA0038D68B /* FiltersThumbinalCellInterface.swift */,
				D85C54D2253C914D0038D68B /* FilterCellDelegate.swift */,
			);
			path = Interfaces;
			sourceTree = "<group>";
		};
		D85DF9DD2537ADE300F947AC /* Filters */ = {
			isa = PBXGroup;
			children = (
				D85C54C8253BD67B0038D68B /* Interfaces */,
				D85DF9E7253B8F7900F947AC /* Cells */,
				D85DF9E2253B8D6000F947AC /* Extensions */,
				D85DF9DE2537ADF600F947AC /* Controllers */,
			);
			path = Filters;
			sourceTree = "<group>";
		};
		D85DF9DE2537ADF600F947AC /* Controllers */ = {
			isa = PBXGroup;
			children = (
				D85DF9DF2537AE1200F947AC /* AddImageViewController.swift */,
				D85C54C4253BA4BC0038D68B /* ChooseFilterViewController.swift */,
				D85C54D7253CDC0A0038D68B /* SharePostViewController.swift */,
			);
			path = Controllers;
			sourceTree = "<group>";
		};
		D85DF9E2253B8D6000F947AC /* Extensions */ = {
			isa = PBXGroup;
			children = (
				D85DF9E3253B8D8500F947AC /* AddImageViewController+CollectionViewDataSource.swift */,
				D85DF9E5253B8EF400F947AC /* AddImageViewController+CollectionViewLayoutDelegate.swift */,
				D85C54CB253C6EE20038D68B /* AddImageViewController+FiltersFullSizeCellDelegate.swift */,
				D85C54CD253C75700038D68B /* ChooseFilterViewController+CollectionViewDataSource.swift */,
				D85C54D0253C78AA0038D68B /* ChooseFilterViewController+CollectionViewFlowDeleagate.swift */,
				D85C54D5253C91D70038D68B /* ChooseFilterViewController+FilterCellDelegate.swift */,
				D85C54DB253DF8720038D68B /* SharePostViewController+TextFieldDelegate.swift */,
			);
			path = Extensions;
			sourceTree = "<group>";
		};
		D85DF9E7253B8F7900F947AC /* Cells */ = {
			isa = PBXGroup;
			children = (
				D85DF9E8253B8FB100F947AC /* FiltersFullSizeCell.swift */,
				D85C54C6253BB6FC0038D68B /* FiltersThumbnailCell.swift */,
			);
			path = Cells;
			sourceTree = "<group>";
		};
		D878390F24C6465E0096B051 /* Feed */ = {
			isa = PBXGroup;
			children = (
				D878391424C64D230096B051 /* Extensions */,
				D878391124C646770096B051 /* Cells */,
				D878391024C646670096B051 /* Controllers */,
			);
			path = Feed;
			sourceTree = "<group>";
		};
		D878391024C646670096B051 /* Controllers */ = {
			isa = PBXGroup;
			children = (
				D8C76C1224B277BA0069A777 /* FeedTableViewController.swift */,
			);
			path = Controllers;
			sourceTree = "<group>";
		};
		D878391124C646770096B051 /* Cells */ = {
			isa = PBXGroup;
			children = (
				D88D025724B26F03006A01E2 /* FeedCell.swift */,
			);
			path = Cells;
			sourceTree = "<group>";
		};
		D878391424C64D230096B051 /* Extensions */ = {
			isa = PBXGroup;
			children = (
				D878391524C64D500096B051 /* FeedTableViewController + UITableViewDelegate.swift */,
				D878391724C64DB50096B051 /* FeeedTableViewController + DataSource.swift */,
			);
			path = Extensions;
			sourceTree = "<group>";
		};
		D878391D24C653ED0096B051 /* Profile */ = {
			isa = PBXGroup;
			children = (
				D878391E24C654240096B051 /* Extensions */,
				D8F4F1F424BA570800D74CA8 /* Cells */,
				D8A3057324BA5870009A2014 /* Controllers */,
			);
			path = Profile;
			sourceTree = "<group>";
		};
		D878391E24C654240096B051 /* Extensions */ = {
			isa = PBXGroup;
			children = (
				D878392224C654920096B051 /* ProfileViewController + CollectionDataSource.swift */,
				D878392424C656340096B051 /* ProfileViewController + FlowLayoutDelegate.swift */,
			);
			path = Extensions;
			sourceTree = "<group>";
		};
		D878392124C6546F0096B051 /* Model */ = {
			isa = PBXGroup;
			children = (
				D8B5C9BF2577132A00B21F62 /* Codables */,
				D878391F24C654590096B051 /* SupportionModel.swift */,
				D888DF7D2648A2EC007CFA8C /* OfflineCache.xcdatamodeld */,
			);
			path = Model;
			sourceTree = "<group>";
		};
		D878392624C65A690096B051 /* FollowingsOrFollows */ = {
			isa = PBXGroup;
			children = (
				D878392824C65BBC0096B051 /* Extensions */,
				D878392D24C65D4B0096B051 /* Cells */,
				D878392724C65A7E0096B051 /* Controllers */,
			);
			path = FollowingsOrFollows;
			sourceTree = "<group>";
		};
		D878392724C65A7E0096B051 /* Controllers */ = {
			isa = PBXGroup;
			children = (
				D8AEA13824C1095D0010D67C /* FollowersFollowsTableView.swift */,
			);
			path = Controllers;
			sourceTree = "<group>";
		};
		D878392824C65BBC0096B051 /* Extensions */ = {
			isa = PBXGroup;
			children = (
				D878392924C65BDE0096B051 /* FollowersFollowsTableView + TableViewDelegate.swift */,
				D878392B24C65CF10096B051 /* FollowersFollowsTableView + DataSource.swift */,
			);
			path = Extensions;
			sourceTree = "<group>";
		};
		D878392D24C65D4B0096B051 /* Cells */ = {
			isa = PBXGroup;
			children = (
				D8AEA13A24C2410C0010D67C /* FollowsCell.swift */,
			);
			path = Cells;
			sourceTree = "<group>";
		};
		D878393024CCD98E0096B051 /* TabBar */ = {
			isa = PBXGroup;
			children = (
				D878393124CCD9A00096B051 /* TabBarController.swift */,
				D8D64D3C25859AB2003A87D3 /* TabBarNavigationObject.swift */,
			);
			path = TabBar;
			sourceTree = "<group>";
		};
		D88189A1257456E30023D2A4 /* Login */ = {
			isa = PBXGroup;
			children = (
				D8F625172644826200B78578 /* LoginManager */,
				D835AD662576A892004B252D /* Controllers */,
				D8DCBF432575A299007C7F5F /* Extensions */,
			);
			path = Login;
			sourceTree = "<group>";
		};
		D888DF66264895D8007CFA8C /* Helpers */ = {
			isa = PBXGroup;
			children = (
				D888DF67264895F7007CFA8C /* CodingUserInfoKeys + ManagedObjectContext.swift */,
				D8305BDC265AE13300E1A9F2 /* DynamicBinder.swift */,
			);
			path = Helpers;
			sourceTree = "<group>";
		};
		D893F89A252912D300A2378A /* ActivityIndicator */ = {
			isa = PBXGroup;
			children = (
				D893F89B252912E800A2378A /* View */,
			);
			path = ActivityIndicator;
			sourceTree = "<group>";
		};
		D893F89B252912E800A2378A /* View */ = {
			isa = PBXGroup;
			children = (
				D893F89D2529170A00A2378A /* ActivityIndicator.swift */,
			);
			path = View;
			sourceTree = "<group>";
		};
		D893F89C252913E400A2378A /* GeneralExtensions */ = {
			isa = PBXGroup;
			children = (
				D85B1A3924B53D9E007925F1 /* UIViewController + CellDelegate.swift */,
				D82D4D0E25326ED0007B3BAA /* UIWindow+BlockingView.swift */,
				D8DCBF412575A122007C7F5F /* UIViewController+HexConverter.swift */,
			);
			path = GeneralExtensions;
			sourceTree = "<group>";
		};
		D8A3057324BA5870009A2014 /* Controllers */ = {
			isa = PBXGroup;
			children = (
				D8F4F1F224BA54F700D74CA8 /* ProfileViewController.swift */,
			);
			path = Controllers;
			sourceTree = "<group>";
		};
		D8B1363F2579B1570066EB2B /* Router */ = {
			isa = PBXGroup;
			children = (
				D8B136402579B1690066EB2B /* Router.swift */,
			);
			path = Router;
			sourceTree = "<group>";
		};
		D8B5C9BA2576E18700B21F62 /* Services */ = {
			isa = PBXGroup;
			children = (
				D8305BDA265AD77B00E1A9F2 /* PersistentStorage */,
				D8305BD9265AD77000E1A9F2 /* Networking */,
				D8F62514264480C600B78578 /* KeychainService */,
				D888DF5926480D54007CFA8C /* DataProvider.swift */,
			);
			path = Services;
			sourceTree = "<group>";
		};
		D8B5C9BF2577132A00B21F62 /* Codables */ = {
			isa = PBXGroup;
			children = (
				D8B5C9C02577133800B21F62 /* ManagedPost.swift */,
				D8B136422579B7B60066EB2B /* User.swift */,
			);
			path = Codables;
			sourceTree = "<group>";
		};
		D8B898AA2593DE9C008558F2 /* new */ = {
			isa = PBXGroup;
			children = (
				D8B898AB2593DE9C008558F2 /* new2.jpg */,
				D8B898AC2593DE9C008558F2 /* new3.jpg */,
				D8B898AD2593DE9C008558F2 /* new1.jpg */,
				D8B898AE2593DE9C008558F2 /* new4.jpg */,
				D8B898AF2593DE9C008558F2 /* new5.jpg */,
				D8B898B02593DE9C008558F2 /* new7.jpg */,
				D8B898B12593DE9C008558F2 /* new6.jpg */,
				D8B898B22593DE9C008558F2 /* new8.jpg */,
			);
			name = new;
			path = ../../Server/new;
			sourceTree = "<group>";
		};
		D8DCBF432575A299007C7F5F /* Extensions */ = {
			isa = PBXGroup;
			children = (
			);
			path = Extensions;
			sourceTree = "<group>";
		};
		D8F4F1F424BA570800D74CA8 /* Cells */ = {
			isa = PBXGroup;
			children = (
				D8A3057124BA57CA009A2014 /* HeaderView.swift */,
				D8A3057424BB5D35009A2014 /* ProfilePhotosCell.swift */,
			);
			path = Cells;
			sourceTree = "<group>";
		};
		D8F62514264480C600B78578 /* KeychainService */ = {
			isa = PBXGroup;
			children = (
				D8F625152644817400B78578 /* KeychainService.swift */,
			);
			path = KeychainService;
			sourceTree = "<group>";
		};
		D8F625172644826200B78578 /* LoginManager */ = {
			isa = PBXGroup;
			children = (
				D8F62518264491E600B78578 /* LoginManager.swift */,
			);
			path = LoginManager;
			sourceTree = "<group>";
		};
/* End PBXGroup section */

/* Begin PBXNativeTarget section */
		74B79253202B3254006BCB41 /* Course2FinalTask */ = {
			isa = PBXNativeTarget;
			buildConfigurationList = 74B79266202B3254006BCB41 /* Build configuration list for PBXNativeTarget "Course2FinalTask" */;
			buildPhases = (
				EAFE9A91A40A46CE9404C00E /* [CP] Check Pods Manifest.lock */,
				74B79250202B3254006BCB41 /* Sources */,
				74B79251202B3254006BCB41 /* Frameworks */,
				74B79252202B3254006BCB41 /* Resources */,
				74B7927A202B33EA006BCB41 /* Embed Frameworks */,
				33866C462CDC2B7CE7F3E889 /* [CP] Embed Pods Frameworks */,
			);
			buildRules = (
			);
			dependencies = (
			);
			name = Course2FinalTask;
			productName = Course2Week3FinalTask;
			productReference = 74B79254202B3254006BCB41 /* Course2FinalTask.app */;
			productType = "com.apple.product-type.application";
		};
/* End PBXNativeTarget section */

/* Begin PBXProject section */
		74B7924C202B3254006BCB41 /* Project object */ = {
			isa = PBXProject;
			attributes = {
				LastSwiftUpdateCheck = 0920;
				LastUpgradeCheck = 1200;
				ORGANIZATIONNAME = "e-Legion";
				TargetAttributes = {
					74B79253202B3254006BCB41 = {
						CreatedOnToolsVersion = 9.2;
						LastSwiftMigration = 1100;
						ProvisioningStyle = Automatic;
					};
				};
			};
			buildConfigurationList = 74B7924F202B3254006BCB41 /* Build configuration list for PBXProject "Course2FinalTask" */;
			compatibilityVersion = "Xcode 8.0";
			developmentRegion = en;
			hasScannedForEncodings = 0;
			knownRegions = (
				en,
				Base,
			);
			mainGroup = 74B7924B202B3254006BCB41;
			productRefGroup = 74B79255202B3254006BCB41 /* Products */;
			projectDirPath = "";
			projectRoot = "";
			targets = (
				74B79253202B3254006BCB41 /* Course2FinalTask */,
			);
		};
/* End PBXProject section */

/* Begin PBXResourcesBuildPhase section */
		74B79252202B3254006BCB41 /* Resources */ = {
			isa = PBXResourcesBuildPhase;
			buildActionMask = 2147483647;
			files = (
				D878391C24C653870096B051 /* iPhone_SE.png in Resources */,
				D8B898B92593DE9C008558F2 /* new6.jpg in Resources */,
				D8B898B42593DE9C008558F2 /* new3.jpg in Resources */,
				D82D4D0D25326915007B3BAA /* LaunchScreen.storyboard in Resources */,
				74B7925F202B3254006BCB41 /* Assets.xcassets in Resources */,
				D8B898B82593DE9C008558F2 /* new7.jpg in Resources */,
				D8B898BA2593DE9C008558F2 /* new8.jpg in Resources */,
				D8B898B62593DE9C008558F2 /* new4.jpg in Resources */,
				D8B898B52593DE9C008558F2 /* new1.jpg in Resources */,
				D8B898B72593DE9C008558F2 /* new5.jpg in Resources */,
				D8B898B32593DE9C008558F2 /* new2.jpg in Resources */,
			);
			runOnlyForDeploymentPostprocessing = 0;
		};
/* End PBXResourcesBuildPhase section */

/* Begin PBXShellScriptBuildPhase section */
		33866C462CDC2B7CE7F3E889 /* [CP] Embed Pods Frameworks */ = {
			isa = PBXShellScriptBuildPhase;
			buildActionMask = 2147483647;
			files = (
			);
			inputPaths = (
				"${PODS_ROOT}/Target Support Files/Pods-Course2FinalTask/Pods-Course2FinalTask-frameworks.sh",
				"${BUILT_PRODUCTS_DIR}/Kingfisher/Kingfisher.framework",
			);
			name = "[CP] Embed Pods Frameworks";
			outputPaths = (
				"${TARGET_BUILD_DIR}/${FRAMEWORKS_FOLDER_PATH}/Kingfisher.framework",
			);
			runOnlyForDeploymentPostprocessing = 0;
			shellPath = /bin/sh;
			shellScript = "\"${PODS_ROOT}/Target Support Files/Pods-Course2FinalTask/Pods-Course2FinalTask-frameworks.sh\"\n";
			showEnvVarsInLog = 0;
		};
		EAFE9A91A40A46CE9404C00E /* [CP] Check Pods Manifest.lock */ = {
			isa = PBXShellScriptBuildPhase;
			buildActionMask = 2147483647;
			files = (
			);
			inputFileListPaths = (
			);
			inputPaths = (
				"${PODS_PODFILE_DIR_PATH}/Podfile.lock",
				"${PODS_ROOT}/Manifest.lock",
			);
			name = "[CP] Check Pods Manifest.lock";
			outputFileListPaths = (
			);
			outputPaths = (
				"$(DERIVED_FILE_DIR)/Pods-Course2FinalTask-checkManifestLockResult.txt",
			);
			runOnlyForDeploymentPostprocessing = 0;
			shellPath = /bin/sh;
			shellScript = "diff \"${PODS_PODFILE_DIR_PATH}/Podfile.lock\" \"${PODS_ROOT}/Manifest.lock\" > /dev/null\nif [ $? != 0 ] ; then\n    # print error to STDERR\n    echo \"error: The sandbox is not in sync with the Podfile.lock. Run 'pod install' or update your CocoaPods installation.\" >&2\n    exit 1\nfi\n# This output is used by Xcode 'outputs' to avoid re-running this script phase.\necho \"SUCCESS\" > \"${SCRIPT_OUTPUT_FILE_0}\"\n";
			showEnvVarsInLog = 0;
		};
/* End PBXShellScriptBuildPhase section */

/* Begin PBXSourcesBuildPhase section */
		74B79250202B3254006BCB41 /* Sources */ = {
			isa = PBXSourcesBuildPhase;
			buildActionMask = 2147483647;
			files = (
				D8B136412579B1690066EB2B /* Router.swift in Sources */,
				D85C54D6253C91D70038D68B /* ChooseFilterViewController+FilterCellDelegate.swift in Sources */,
				D8B5C9C12577133800B21F62 /* ManagedPost.swift in Sources */,
				D878392A24C65BDE0096B051 /* FollowersFollowsTableView + TableViewDelegate.swift in Sources */,
				D83214492647505500E0AF35 /* CoreDataService.swift in Sources */,
				D8A3057224BA57CA009A2014 /* HeaderView.swift in Sources */,
				D85DF9E4253B8D8500F947AC /* AddImageViewController+CollectionViewDataSource.swift in Sources */,
				D85B1A3A24B53D9E007925F1 /* UIViewController + CellDelegate.swift in Sources */,
				D82D4D0F25326ED0007B3BAA /* UIWindow+BlockingView.swift in Sources */,
				D878393224CCD9A00096B051 /* TabBarController.swift in Sources */,
				D8C76C1324B277BA0069A777 /* FeedTableViewController.swift in Sources */,
				D85C54D8253CDC0A0038D68B /* SharePostViewController.swift in Sources */,
				D878392024C654590096B051 /* SupportionModel.swift in Sources */,
				D888DF5E26483991007CFA8C /* PostCellProviderInterface.swift in Sources */,
				D8F62519264491E600B78578 /* LoginManager.swift in Sources */,
				D8A3057524BB5D35009A2014 /* ProfilePhotosCell.swift in Sources */,
				D85DF9E6253B8EF400F947AC /* AddImageViewController+CollectionViewLayoutDelegate.swift in Sources */,
				D85C54CE253C75700038D68B /* ChooseFilterViewController+CollectionViewDataSource.swift in Sources */,
				D85C54D3253C914D0038D68B /* FilterCellDelegate.swift in Sources */,
				D8AEA13924C1095D0010D67C /* FollowersFollowsTableView.swift in Sources */,
				D85C54C5253BA4BC0038D68B /* ChooseFilterViewController.swift in Sources */,
				D878392C24C65CF10096B051 /* FollowersFollowsTableView + DataSource.swift in Sources */,
				D8B136432579B7B60066EB2B /* User.swift in Sources */,
				D85C54D1253C78AA0038D68B /* ChooseFilterViewController+CollectionViewFlowDeleagate.swift in Sources */,
				D85C54CA253C6AEA0038D68B /* FiltersThumbinalCellInterface.swift in Sources */,
				D8F625162644817400B78578 /* KeychainService.swift in Sources */,
				D878391624C64D500096B051 /* FeedTableViewController + UITableViewDelegate.swift in Sources */,
				D8AEA13B24C2410C0010D67C /* FollowsCell.swift in Sources */,
				D8F4F1F324BA54F700D74CA8 /* ProfileViewController.swift in Sources */,
				D85C54C7253BB6FC0038D68B /* FiltersThumbnailCell.swift in Sources */,
				D878391824C64DB50096B051 /* FeeedTableViewController + DataSource.swift in Sources */,
				D8DCBF452575A2A9007C7F5F /* LoginViewModel.swift in Sources */,
				74B79258202B3254006BCB41 /* AppDelegate.swift in Sources */,
				D888DF7F2648A2EC007CFA8C /* OfflineCache.xcdatamodeld in Sources */,
				D8305BDF265EDC4000E1A9F2 /* RequestConstructor.swift in Sources */,
				D8D64D3D25859AB2003A87D3 /* TabBarNavigationObject.swift in Sources */,
				D8B5C9BC2576E24400B21F62 /* NetworkiSingleton.swift in Sources */,
				D878392324C654920096B051 /* ProfileViewController + CollectionDataSource.swift in Sources */,
				D893F89E2529170A00A2378A /* ActivityIndicator.swift in Sources */,
				D85C54DC253DF8720038D68B /* SharePostViewController+TextFieldDelegate.swift in Sources */,
				D8D64D3B25859730003A87D3 /* NavigationCoordinator.swift in Sources */,
				D88189A3257456FB0023D2A4 /* LoginViewController.swift in Sources */,
				D85DF9E9253B8FB100F947AC /* FiltersFullSizeCell.swift in Sources */,
				D85DF9E02537AE1200F947AC /* AddImageViewController.swift in Sources */,
				D878392524C656340096B051 /* ProfileViewController + FlowLayoutDelegate.swift in Sources */,
				D88D025824B26F03006A01E2 /* FeedCell.swift in Sources */,
				D888DF5A26480D54007CFA8C /* DataProvider.swift in Sources */,
				D888DF68264895F7007CFA8C /* CodingUserInfoKeys + ManagedObjectContext.swift in Sources */,
				D85C54CC253C6EE20038D68B /* AddImageViewController+FiltersFullSizeCellDelegate.swift in Sources */,
				D8A3057724BB64FF009A2014 /* FeedCellInterface.swift in Sources */,
				D8DCBF422575A122007C7F5F /* UIViewController+HexConverter.swift in Sources */,
				D8305BDD265AE13300E1A9F2 /* DynamicBinder.swift in Sources */,
			);
			runOnlyForDeploymentPostprocessing = 0;
		};
/* End PBXSourcesBuildPhase section */

/* Begin XCBuildConfiguration section */
		74B79264202B3254006BCB41 /* Debug */ = {
			isa = XCBuildConfiguration;
			buildSettings = {
				ALWAYS_EMBED_SWIFT_STANDARD_LIBRARIES = YES;
				ALWAYS_SEARCH_USER_PATHS = NO;
				CLANG_ANALYZER_NONNULL = YES;
				CLANG_ANALYZER_NUMBER_OBJECT_CONVERSION = YES_AGGRESSIVE;
				CLANG_CXX_LANGUAGE_STANDARD = "gnu++14";
				CLANG_CXX_LIBRARY = "libc++";
				CLANG_ENABLE_MODULES = YES;
				CLANG_ENABLE_OBJC_ARC = YES;
				CLANG_WARN_BLOCK_CAPTURE_AUTORELEASING = YES;
				CLANG_WARN_BOOL_CONVERSION = YES;
				CLANG_WARN_COMMA = YES;
				CLANG_WARN_CONSTANT_CONVERSION = YES;
				CLANG_WARN_DEPRECATED_OBJC_IMPLEMENTATIONS = YES;
				CLANG_WARN_DIRECT_OBJC_ISA_USAGE = YES_ERROR;
				CLANG_WARN_DOCUMENTATION_COMMENTS = YES;
				CLANG_WARN_EMPTY_BODY = YES;
				CLANG_WARN_ENUM_CONVERSION = YES;
				CLANG_WARN_INFINITE_RECURSION = YES;
				CLANG_WARN_INT_CONVERSION = YES;
				CLANG_WARN_NON_LITERAL_NULL_CONVERSION = YES;
				CLANG_WARN_OBJC_IMPLICIT_RETAIN_SELF = YES;
				CLANG_WARN_OBJC_LITERAL_CONVERSION = YES;
				CLANG_WARN_OBJC_ROOT_CLASS = YES_ERROR;
				CLANG_WARN_QUOTED_INCLUDE_IN_FRAMEWORK_HEADER = YES;
				CLANG_WARN_RANGE_LOOP_ANALYSIS = YES;
				CLANG_WARN_STRICT_PROTOTYPES = YES;
				CLANG_WARN_SUSPICIOUS_MOVE = YES;
				CLANG_WARN_UNGUARDED_AVAILABILITY = YES_AGGRESSIVE;
				CLANG_WARN_UNREACHABLE_CODE = YES;
				CLANG_WARN__DUPLICATE_METHOD_MATCH = YES;
				CODE_SIGN_IDENTITY = "iPhone Developer";
				COPY_PHASE_STRIP = NO;
				DEBUG_INFORMATION_FORMAT = dwarf;
				ENABLE_STRICT_OBJC_MSGSEND = YES;
				ENABLE_TESTABILITY = YES;
				GCC_C_LANGUAGE_STANDARD = gnu11;
				GCC_DYNAMIC_NO_PIC = NO;
				GCC_NO_COMMON_BLOCKS = YES;
				GCC_OPTIMIZATION_LEVEL = 0;
				GCC_PREPROCESSOR_DEFINITIONS = (
					"DEBUG=1",
					"$(inherited)",
				);
				GCC_WARN_64_TO_32_BIT_CONVERSION = YES;
				GCC_WARN_ABOUT_RETURN_TYPE = YES_ERROR;
				GCC_WARN_UNDECLARED_SELECTOR = YES;
				GCC_WARN_UNINITIALIZED_AUTOS = YES_AGGRESSIVE;
				GCC_WARN_UNUSED_FUNCTION = YES;
				GCC_WARN_UNUSED_VARIABLE = YES;
				IPHONEOS_DEPLOYMENT_TARGET = 13.0;
				MTL_ENABLE_DEBUG_INFO = YES;
				ONLY_ACTIVE_ARCH = YES;
				SDKROOT = iphoneos;
				SWIFT_ACTIVE_COMPILATION_CONDITIONS = DEBUG;
				SWIFT_OPTIMIZATION_LEVEL = "-Onone";
			};
			name = Debug;
		};
		74B79265202B3254006BCB41 /* Release */ = {
			isa = XCBuildConfiguration;
			buildSettings = {
				ALWAYS_EMBED_SWIFT_STANDARD_LIBRARIES = YES;
				ALWAYS_SEARCH_USER_PATHS = NO;
				CLANG_ANALYZER_NONNULL = YES;
				CLANG_ANALYZER_NUMBER_OBJECT_CONVERSION = YES_AGGRESSIVE;
				CLANG_CXX_LANGUAGE_STANDARD = "gnu++14";
				CLANG_CXX_LIBRARY = "libc++";
				CLANG_ENABLE_MODULES = YES;
				CLANG_ENABLE_OBJC_ARC = YES;
				CLANG_WARN_BLOCK_CAPTURE_AUTORELEASING = YES;
				CLANG_WARN_BOOL_CONVERSION = YES;
				CLANG_WARN_COMMA = YES;
				CLANG_WARN_CONSTANT_CONVERSION = YES;
				CLANG_WARN_DEPRECATED_OBJC_IMPLEMENTATIONS = YES;
				CLANG_WARN_DIRECT_OBJC_ISA_USAGE = YES_ERROR;
				CLANG_WARN_DOCUMENTATION_COMMENTS = YES;
				CLANG_WARN_EMPTY_BODY = YES;
				CLANG_WARN_ENUM_CONVERSION = YES;
				CLANG_WARN_INFINITE_RECURSION = YES;
				CLANG_WARN_INT_CONVERSION = YES;
				CLANG_WARN_NON_LITERAL_NULL_CONVERSION = YES;
				CLANG_WARN_OBJC_IMPLICIT_RETAIN_SELF = YES;
				CLANG_WARN_OBJC_LITERAL_CONVERSION = YES;
				CLANG_WARN_OBJC_ROOT_CLASS = YES_ERROR;
				CLANG_WARN_QUOTED_INCLUDE_IN_FRAMEWORK_HEADER = YES;
				CLANG_WARN_RANGE_LOOP_ANALYSIS = YES;
				CLANG_WARN_STRICT_PROTOTYPES = YES;
				CLANG_WARN_SUSPICIOUS_MOVE = YES;
				CLANG_WARN_UNGUARDED_AVAILABILITY = YES_AGGRESSIVE;
				CLANG_WARN_UNREACHABLE_CODE = YES;
				CLANG_WARN__DUPLICATE_METHOD_MATCH = YES;
				CODE_SIGN_IDENTITY = "iPhone Developer";
				COPY_PHASE_STRIP = NO;
				DEBUG_INFORMATION_FORMAT = "dwarf-with-dsym";
				ENABLE_NS_ASSERTIONS = NO;
				ENABLE_STRICT_OBJC_MSGSEND = YES;
				GCC_C_LANGUAGE_STANDARD = gnu11;
				GCC_NO_COMMON_BLOCKS = YES;
				GCC_WARN_64_TO_32_BIT_CONVERSION = YES;
				GCC_WARN_ABOUT_RETURN_TYPE = YES_ERROR;
				GCC_WARN_UNDECLARED_SELECTOR = YES;
				GCC_WARN_UNINITIALIZED_AUTOS = YES_AGGRESSIVE;
				GCC_WARN_UNUSED_FUNCTION = YES;
				GCC_WARN_UNUSED_VARIABLE = YES;
				IPHONEOS_DEPLOYMENT_TARGET = 13.0;
				MTL_ENABLE_DEBUG_INFO = NO;
				SDKROOT = iphoneos;
				SWIFT_OPTIMIZATION_LEVEL = "-Owholemodule";
				VALIDATE_PRODUCT = YES;
			};
			name = Release;
		};
		74B79267202B3254006BCB41 /* Debug */ = {
			isa = XCBuildConfiguration;
			baseConfigurationReference = BE3B7B6342258EA250986AF2 /* Pods-Course2FinalTask.debug.xcconfig */;
			buildSettings = {
				ALWAYS_EMBED_SWIFT_STANDARD_LIBRARIES = YES;
				ASSETCATALOG_COMPILER_APPICON_NAME = AppIcon;
				CODE_SIGN_IDENTITY = "Apple Development";
				"CODE_SIGN_IDENTITY[sdk=iphoneos*]" = "iPhone Developer";
				CODE_SIGN_STYLE = Automatic;
				DEVELOPMENT_TEAM = 48949KRUQQ;
				ENABLE_BITCODE = NO;
				FRAMEWORK_SEARCH_PATHS = (
					"$(inherited)",
					"$(PROJECT_DIR)",
				);
				INFOPLIST_FILE = "$(SRCROOT)/Course2FinalTask/Supporting Files/Info.plist";
				IPHONEOS_DEPLOYMENT_TARGET = 13.0;
				LD_RUNPATH_SEARCH_PATHS = "$(inherited) @executable_path/Frameworks";
				PRODUCT_BUNDLE_IDENTIFIER = learning.vovi;
				PRODUCT_NAME = "$(TARGET_NAME)";
				PROVISIONING_PROFILE_SPECIFIER = "";
				SWIFT_VERSION = 5.0;
				TARGETED_DEVICE_FAMILY = 1;
			};
			name = Debug;
		};
		74B79268202B3254006BCB41 /* Release */ = {
			isa = XCBuildConfiguration;
			baseConfigurationReference = 48E092195A066513D23BFE2C /* Pods-Course2FinalTask.release.xcconfig */;
			buildSettings = {
				ALWAYS_EMBED_SWIFT_STANDARD_LIBRARIES = YES;
				ASSETCATALOG_COMPILER_APPICON_NAME = AppIcon;
				CODE_SIGN_IDENTITY = "Apple Development";
				"CODE_SIGN_IDENTITY[sdk=iphoneos*]" = "iPhone Developer";
				CODE_SIGN_STYLE = Automatic;
				DEVELOPMENT_TEAM = 48949KRUQQ;
				ENABLE_BITCODE = NO;
				FRAMEWORK_SEARCH_PATHS = (
					"$(inherited)",
					"$(PROJECT_DIR)",
				);
				INFOPLIST_FILE = "$(SRCROOT)/Course2FinalTask/Supporting Files/Info.plist";
				IPHONEOS_DEPLOYMENT_TARGET = 13.0;
				LD_RUNPATH_SEARCH_PATHS = "$(inherited) @executable_path/Frameworks";
				PRODUCT_BUNDLE_IDENTIFIER = learning.vovi;
				PRODUCT_NAME = "$(TARGET_NAME)";
				PROVISIONING_PROFILE_SPECIFIER = "";
				SWIFT_VERSION = 5.0;
				TARGETED_DEVICE_FAMILY = 1;
			};
			name = Release;
		};
/* End XCBuildConfiguration section */

/* Begin XCConfigurationList section */
		74B7924F202B3254006BCB41 /* Build configuration list for PBXProject "Course2FinalTask" */ = {
			isa = XCConfigurationList;
			buildConfigurations = (
				74B79264202B3254006BCB41 /* Debug */,
				74B79265202B3254006BCB41 /* Release */,
			);
			defaultConfigurationIsVisible = 0;
			defaultConfigurationName = Release;
		};
		74B79266202B3254006BCB41 /* Build configuration list for PBXNativeTarget "Course2FinalTask" */ = {
			isa = XCConfigurationList;
			buildConfigurations = (
				74B79267202B3254006BCB41 /* Debug */,
				74B79268202B3254006BCB41 /* Release */,
			);
			defaultConfigurationIsVisible = 0;
			defaultConfigurationName = Release;
		};
/* End XCConfigurationList section */

/* Begin XCVersionGroup section */
		D888DF7D2648A2EC007CFA8C /* OfflineCache.xcdatamodeld */ = {
			isa = XCVersionGroup;
			children = (
				D888DF822648AB6E007CFA8C /* OfflineCache 2.xcdatamodel */,
				D888DF7E2648A2EC007CFA8C /* OfflineCache.xcdatamodel */,
			);
			currentVersion = D888DF822648AB6E007CFA8C /* OfflineCache 2.xcdatamodel */;
			path = OfflineCache.xcdatamodeld;
			sourceTree = "<group>";
			versionGroupType = wrapper.xcdatamodel;
		};
/* End XCVersionGroup section */
	};
	rootObject = 74B7924C202B3254006BCB41 /* Project object */;
}
